
Microsoft Visual Studio Solution File, Format Version 12.00
# Visual Studio Version 17
VisualStudioVersion = 17.0.31903.59
MinimumVisualStudioVersion = 10.0.40219.1
Project("{FAE04EC0-301F-11D3-BF4B-00C04F79EFBC}") = "ConciergeKeyControl.Api", "ConciergeKeyControl.Api\ConciergeKeyControl.Api.csproj", "{79223904-9E66-4B05-A8AA-84657E23920C}"
EndProject
Project("{FAE04EC0-301F-11D3-BF4B-00C04F79EFBC}") = "ConciergeKeyControl.Application", "ConciergeKeyControl.Application\ConciergeKeyControl.Application.csproj", "{A5923E4D-B762-4AA6-88DE-05F6A1DFF62A}"
EndProject
Project("{FAE04EC0-301F-11D3-BF4B-00C04F79EFBC}") = "ConciergeKeyControl.Domain", "ConciergeKeyControl.Domain\ConciergeKeyControl.Domain.csproj", "{C2497405-B259-424C-8AF5-E2683BEDA86C}"
EndProject
Project("{FAE04EC0-301F-11D3-BF4B-00C04F79EFBC}") = "ConciergeKeyControl.Infrastructure", "ConciergeKeyControl.Infrastructure\ConciergeKeyControl.Infrastructure.csproj", "{6835B9CE-88BF-4947-AFE8-3E5F945AB609}"
EndProject
Project("{FAE04EC0-301F-11D3-BF4B-00C04F79EFBC}") = "ConciergeKeyControl.Test", "ConciergeKeyControl.Test\ConciergeKeyControl.Test.csproj", "{328F0B5F-536E-43E4-8D63-2D3C23D202F2}"
EndProject
Global
	GlobalSection(SolutionConfigurationPlatforms) = preSolution
		Debug|Any CPU = Debug|Any CPU
		Release|Any CPU = Release|Any CPU
	EndGlobalSection
	GlobalSection(SolutionProperties) = preSolution
		HideSolutionNode = FALSE
	EndGlobalSection
	GlobalSection(ProjectConfigurationPlatforms) = postSolution
		{79223904-9E66-4B05-A8AA-84657E23920C}.Debug|Any CPU.ActiveCfg = Debug|Any CPU
		{79223904-9E66-4B05-A8AA-84657E23920C}.Debug|Any CPU.Build.0 = Debug|Any CPU
		{79223904-9E66-4B05-A8AA-84657E23920C}.Release|Any CPU.ActiveCfg = Release|Any CPU
		{79223904-9E66-4B05-A8AA-84657E23920C}.Release|Any CPU.Build.0 = Release|Any CPU
		{A5923E4D-B762-4AA6-88DE-05F6A1DFF62A}.Debug|Any CPU.ActiveCfg = Debug|Any CPU
		{A5923E4D-B762-4AA6-88DE-05F6A1DFF62A}.Debug|Any CPU.Build.0 = Debug|Any CPU
		{A5923E4D-B762-4AA6-88DE-05F6A1DFF62A}.Release|Any CPU.ActiveCfg = Release|Any CPU
		{A5923E4D-B762-4AA6-88DE-05F6A1DFF62A}.Release|Any CPU.Build.0 = Release|Any CPU
		{C2497405-B259-424C-8AF5-E2683BEDA86C}.Debug|Any CPU.ActiveCfg = Debug|Any CPU
		{C2497405-B259-424C-8AF5-E2683BEDA86C}.Debug|Any CPU.Build.0 = Debug|Any CPU
		{C2497405-B259-424C-8AF5-E2683BEDA86C}.Release|Any CPU.ActiveCfg = Release|Any CPU
		{C2497405-B259-424C-8AF5-E2683BEDA86C}.Release|Any CPU.Build.0 = Release|Any CPU
		{6835B9CE-88BF-4947-AFE8-3E5F945AB609}.Debug|Any CPU.ActiveCfg = Debug|Any CPU
		{6835B9CE-88BF-4947-AFE8-3E5F945AB609}.Debug|Any CPU.Build.0 = Debug|Any CPU
		{6835B9CE-88BF-4947-AFE8-3E5F945AB609}.Release|Any CPU.ActiveCfg = Release|Any CPU
		{6835B9CE-88BF-4947-AFE8-3E5F945AB609}.Release|Any CPU.Build.0 = Release|Any CPU
		{328F0B5F-536E-43E4-8D63-2D3C23D202F2}.Debug|Any CPU.ActiveCfg = Debug|Any CPU
		{328F0B5F-536E-43E4-8D63-2D3C23D202F2}.Debug|Any CPU.Build.0 = Debug|Any CPU
		{328F0B5F-536E-43E4-8D63-2D3C23D202F2}.Release|Any CPU.ActiveCfg = Release|Any CPU
		{328F0B5F-536E-43E4-8D63-2D3C23D202F2}.Release|Any CPU.Build.0 = Release|Any CPU
	EndGlobalSection
EndGlobal
